
Microsoft Visual Studio Solution File, Format Version 12.00
# Visual Studio 15
VisualStudioVersion = 15.0.27703.2018
MinimumVisualStudioVersion = 10.0.40219.1
Project("{FAE04EC0-301F-11D3-BF4B-00C04F79EFBC}") = "PeopleFinder.Web", "PeopleFinder.Web\PeopleFinder.Web.csproj", "{EBACB33C-49F4-46E9-991A-8BA0A808715C}"
EndProject
Project("{FAE04EC0-301F-11D3-BF4B-00C04F79EFBC}") = "PeopleFinder.Data", "PeopleFinder.Data\PeopleFinder.Data.csproj", "{CADEC6C1-0421-46F2-BAEB-F8EFF36D6619}"
EndProject
Project("{FAE04EC0-301F-11D3-BF4B-00C04F79EFBC}") = "PeopleFinder.Tests", "PeopleFinder.Tests\PeopleFinder.Tests.csproj", "{639A40F0-76E8-4418-97C2-4ECBA964320A}"
EndProject
Global
	GlobalSection(SolutionConfigurationPlatforms) = preSolution
		Debug|Any CPU = Debug|Any CPU
		Release|Any CPU = Release|Any CPU
	EndGlobalSection
	GlobalSection(ProjectConfigurationPlatforms) = postSolution
		{EBACB33C-49F4-46E9-991A-8BA0A808715C}.Debug|Any CPU.ActiveCfg = Debug|Any CPU
		{EBACB33C-49F4-46E9-991A-8BA0A808715C}.Debug|Any CPU.Build.0 = Debug|Any CPU
		{EBACB33C-49F4-46E9-991A-8BA0A808715C}.Release|Any CPU.ActiveCfg = Release|Any CPU
		{EBACB33C-49F4-46E9-991A-8BA0A808715C}.Release|Any CPU.Build.0 = Release|Any CPU
		{CADEC6C1-0421-46F2-BAEB-F8EFF36D6619}.Debug|Any CPU.ActiveCfg = Debug|Any CPU
		{CADEC6C1-0421-46F2-BAEB-F8EFF36D6619}.Debug|Any CPU.Build.0 = Debug|Any CPU
		{CADEC6C1-0421-46F2-BAEB-F8EFF36D6619}.Release|Any CPU.ActiveCfg = Release|Any CPU
		{CADEC6C1-0421-46F2-BAEB-F8EFF36D6619}.Release|Any CPU.Build.0 = Release|Any CPU
		{639A40F0-76E8-4418-97C2-4ECBA964320A}.Debug|Any CPU.ActiveCfg = Debug|Any CPU
		{639A40F0-76E8-4418-97C2-4ECBA964320A}.Debug|Any CPU.Build.0 = Debug|Any CPU
		{639A40F0-76E8-4418-97C2-4ECBA964320A}.Release|Any CPU.ActiveCfg = Release|Any CPU
		{639A40F0-76E8-4418-97C2-4ECBA964320A}.Release|Any CPU.Build.0 = Release|Any CPU
	EndGlobalSection
	GlobalSection(SolutionProperties) = preSolution
		HideSolutionNode = FALSE
	EndGlobalSection
	GlobalSection(ExtensibilityGlobals) = postSolution
		SolutionGuid = {D4641A2A-CED4-494F-9553-B9A3F8BF73EF}
	EndGlobalSection
EndGlobal
